
Microsoft Visual Studio Solution File, Format Version 12.00
# Visual Studio Version 16
VisualStudioVersion = 16.0.30523.141
MinimumVisualStudioVersion = 10.0.40219.1
Project("{FAE04EC0-301F-11D3-BF4B-00C04F79EFBC}") = "Exoap", "Exoap\Exoap.csproj", "{F063C810-7E32-454F-B3F0-443FA1F0E639}"
EndProject
Global
	GlobalSection(SolutionConfigurationPlatforms) = preSolution
		Debug|Any CPU = Debug|Any CPU
		Release|Any CPU = Release|Any CPU
	EndGlobalSection
	GlobalSection(ProjectConfigurationPlatforms) = postSolution
		{F063C810-7E32-454F-B3F0-443FA1F0E639}.Debug|Any CPU.ActiveCfg = Debug|Any CPU
		{F063C810-7E32-454F-B3F0-443FA1F0E639}.Debug|Any CPU.Build.0 = Debug|Any CPU
		{F063C810-7E32-454F-B3F0-443FA1F0E639}.Release|Any CPU.ActiveCfg = Release|Any CPU
		{F063C810-7E32-454F-B3F0-443FA1F0E639}.Release|Any CPU.Build.0 = Release|Any CPU
	EndGlobalSection
	GlobalSection(SolutionProperties) = preSolution
		HideSolutionNode = FALSE
	EndGlobalSection
	GlobalSection(ExtensibilityGlobals) = postSolution
		SolutionGuid = {DF5A0E6F-EEB8-449F-A516-7373CF74920E}
	EndGlobalSection
EndGlobal
